{
  "name": "stencil-starter-project-name",
  "version": "0.0.1",
  "lockfileVersion": 1,
  "requires": true,
  "dependencies": {
    "@stencil/core": {
      "version": "1.0.7",
      "resolved": "https://registry.npmjs.org/@stencil/core/-/core-1.0.7.tgz",
      "integrity": "sha512-RzH5CZuYSrk1gXZeWvh9gEIe93MAQficxnptAV/CX3SNtQNVHTFAuroj5d/XVhgR/TUwCD3FUJVvtNQIDgEt0w==",
      "requires": {
        "typescript": "3.5.2"
      }
    },
    "@stencil/router": {
      "version": "1.0.1",
      "resolved": "https://registry.npmjs.org/@stencil/router/-/router-1.0.1.tgz",
      "integrity": "sha512-ZMholl1BE+glNAc/8pcEb9RYkeH0XETxsJbx6D7f3azTmaTXqKYty1IACP/3BtVjuimpfLdxQJ+J95wKmnYBtA==",
      "requires": {
        "@stencil/state-tunnel": "^1.0.1"
      }
    },
    "@stencil/state-tunnel": {
      "version": "1.0.1",
      "resolved": "https://registry.npmjs.org/@stencil/state-tunnel/-/state-tunnel-1.0.1.tgz",
      "integrity": "sha512-DYG8uROgL9hkjVTCtCfRBb0d3FwpiFB0muRrNZQ2X1Qo5hxMuNNji76/ILddqeq0AfgkKCW82xrMPDpy+rNIhQ=="
    },
    "typescript": {
      "version": "3.5.2",
      "resolved": "https://registry.npmjs.org/typescript/-/typescript-3.5.2.tgz",
      "integrity": "sha512-7KxJovlYhTX5RaRbUdkAXN1KUZ8PwWlTzQdHV6xNqvuFOs7+WBo10TQUqT19Q/Jz2hk5v9TQDIhyLhhJY4p5AA=="
    }
  }
}
