{
  "name": "stencil-starter-project-name",
  "version": "0.0.1",
  "lockfileVersion": 1,
  "requires": true,
  "dependencies": {
    "@stencil/core": {
      "version": "1.0.0-beta.5",
      "resolved": "https://registry.npmjs.org/@stencil/core/-/core-1.0.0-beta.5.tgz",
      "integrity": "sha512-rJpH57nn+E6F84HastQ8RDuhq+j5LeUey3sVW192y5VCTmHbMUfiwVgtFIUo6+BDIXagAG01rbm7WHCMTSGdSw==",
      "requires": {
        "typescript": "3.4.5"
      }
    },
    "@stencil/router": {
      "version": "1.0.0-1",
      "resolved": "https://registry.npmjs.org/@stencil/router/-/router-1.0.0-1.tgz",
      "integrity": "sha512-MUhvZz6gWF7jnp+ai9yySLbDnrY4BGfTvbpfgJn/24qGL8qUf6QUd6dguyKpKVeG9FJhwc0EoA4EPTYqUKPy1g==",
      "requires": {
        "@stencil/state-tunnel": "^1.0.0-1"
      }
    },
    "@stencil/state-tunnel": {
      "version": "1.0.0-1",
      "resolved": "https://registry.npmjs.org/@stencil/state-tunnel/-/state-tunnel-1.0.0-1.tgz",
      "integrity": "sha512-tjHVPItEFO7NRsDsa4gYbt1u4gPAF9GE1eeBW2QE3c1EmGb4+jq0SQjmPdsImVtIib+BRQ8ha1DjwVMBnrO0gQ=="
    },
    "typescript": {
      "version": "3.4.5",
      "resolved": "https://registry.npmjs.org/typescript/-/typescript-3.4.5.tgz",
      "integrity": "sha512-YycBxUb49UUhdNMU5aJ7z5Ej2XGmaIBL0x34vZ82fn3hGvD+bgrMrVDpatgz2f7YxUMJxMkbWxJZeAvDxVe7Vw=="
    }
  }
}
