{
  "name": "stencil-starter-project-name",
  "version": "0.0.1",
  "lockfileVersion": 1,
  "requires": true,
  "dependencies": {
    "@stencil/core": {
      "version": "1.0.0-beta.8",
      "resolved": "https://registry.npmjs.org/@stencil/core/-/core-1.0.0-beta.8.tgz",
      "integrity": "sha512-iUeSVJL6lw7Q5gRI/2rKcZkvSd8XfvUvJLjgEH7292usWgfu4sDbjF5r45CmJa1GpsnXSyNZb3e4XWW2mWIr9Q==",
      "requires": {
        "typescript": "3.5.1"
      }
    },
    "@stencil/router": {
      "version": "1.0.0-1",
      "resolved": "https://registry.npmjs.org/@stencil/router/-/router-1.0.0-1.tgz",
      "integrity": "sha512-MUhvZz6gWF7jnp+ai9yySLbDnrY4BGfTvbpfgJn/24qGL8qUf6QUd6dguyKpKVeG9FJhwc0EoA4EPTYqUKPy1g==",
      "requires": {
        "@stencil/state-tunnel": "^1.0.0-1"
      }
    },
    "@stencil/state-tunnel": {
      "version": "1.0.0-1",
      "resolved": "https://registry.npmjs.org/@stencil/state-tunnel/-/state-tunnel-1.0.0-1.tgz",
      "integrity": "sha512-tjHVPItEFO7NRsDsa4gYbt1u4gPAF9GE1eeBW2QE3c1EmGb4+jq0SQjmPdsImVtIib+BRQ8ha1DjwVMBnrO0gQ=="
    },
    "typescript": {
      "version": "3.5.1",
      "resolved": "https://registry.npmjs.org/typescript/-/typescript-3.5.1.tgz",
      "integrity": "sha512-64HkdiRv1yYZsSe4xC1WVgamNigVYjlssIoaH2HcZF0+ijsk5YK2g0G34w9wJkze8+5ow4STd22AynfO6ZYYLw=="
    }
  }
}
